
Microsoft Visual Studio Solution File, Format Version 12.00
# Visual Studio Version 16
VisualStudioVersion = 16.0.31729.503
MinimumVisualStudioVersion = 10.0.40219.1
Project("{FAE04EC0-301F-11D3-BF4B-00C04F79EFBC}") = "DoqquzuncuApp", "DoqquzuncuApp\DoqquzuncuApp.csproj", "{FF601731-E435-4438-B277-A675B0C0FEC1}"
EndProject
Global
	GlobalSection(SolutionConfigurationPlatforms) = preSolution
		Debug|Any CPU = Debug|Any CPU
		Release|Any CPU = Release|Any CPU
	EndGlobalSection
	GlobalSection(ProjectConfigurationPlatforms) = postSolution
		{FF601731-E435-4438-B277-A675B0C0FEC1}.Debug|Any CPU.ActiveCfg = Debug|Any CPU
		{FF601731-E435-4438-B277-A675B0C0FEC1}.Debug|Any CPU.Build.0 = Debug|Any CPU
		{FF601731-E435-4438-B277-A675B0C0FEC1}.Release|Any CPU.ActiveCfg = Release|Any CPU
		{FF601731-E435-4438-B277-A675B0C0FEC1}.Release|Any CPU.Build.0 = Release|Any CPU
	EndGlobalSection
	GlobalSection(SolutionProperties) = preSolution
		HideSolutionNode = FALSE
	EndGlobalSection
	GlobalSection(ExtensibilityGlobals) = postSolution
		SolutionGuid = {8DC2FD58-1D71-406D-B4FF-69BB73696FB0}
	EndGlobalSection
EndGlobal
